
Microsoft Visual Studio Solution File, Format Version 12.00
# Visual Studio Version 16
VisualStudioVersion = 16.0.32228.343
MinimumVisualStudioVersion = 10.0.40219.1
Project("{8BC9CEB8-8B4A-11D0-8D11-00A0C91BC942}") = "MediocreProgramming", "MediocreProgramming\MediocreProgramming.vcxproj", "{CC56A7B6-FF63-40D7-B112-6AFD1E0F4CFF}"
EndProject
Project("{2150E333-8FDC-42A3-9474-1A3956D46DE8}") = "Solution Items", "Solution Items", "{A669BB59-2916-43E0-B647-40EC902DCAF9}"
	ProjectSection(SolutionItems) = preProject
		overview.txt = overview.txt
	EndProjectSection
EndProject
Project("{2150E333-8FDC-42A3-9474-1A3956D46DE8}") = "Class design", "Class design", "{8612506C-CD5E-46A8-A4CE-C9402DD6129E}"
EndProject
Project("{2150E333-8FDC-42A3-9474-1A3956D46DE8}") = "Data holder", "Data holder", "{ED03587A-0EE1-4A55-8FCC-F19ADE19C34C}"
EndProject
Project("{2150E333-8FDC-42A3-9474-1A3956D46DE8}") = "Business logic", "Business logic", "{C0B697AC-9D41-49FF-BE16-F8FEFC3EC57D}"
EndProject
Project("{2150E333-8FDC-42A3-9474-1A3956D46DE8}") = "IO classes", "IO classes", "{0E159484-8852-4A32-95C8-77CFB8350046}"
EndProject
Project("{2150E333-8FDC-42A3-9474-1A3956D46DE8}") = "Resource manager", "Resource manager", "{37E3942B-B76D-41A2-AEB5-2853EF086A93}"
EndProject
Project("{2150E333-8FDC-42A3-9474-1A3956D46DE8}") = "Generally", "Generally", "{526125BD-68CD-4AD8-95C8-73D0C3FFB506}"
	ProjectSection(SolutionItems) = preProject
		Material\ClassDesign\General\AvoidDependencies.txt = Material\ClassDesign\General\AvoidDependencies.txt
		Material\ClassDesign\General\KeepHeadersSmall.txt = Material\ClassDesign\General\KeepHeadersSmall.txt
	EndProjectSection
EndProject
Project("{2150E333-8FDC-42A3-9474-1A3956D46DE8}") = "Dataholder", "Dataholder", "{69DDFDD8-5831-4E42-B2F6-788A5AC7194D}"
	ProjectSection(SolutionItems) = preProject
		Material\ClassDesign\DataHolder\DataHolder.txt = Material\ClassDesign\DataHolder\DataHolder.txt
	EndProjectSection
EndProject
Project("{2150E333-8FDC-42A3-9474-1A3956D46DE8}") = "Businesslogic", "Businesslogic", "{75F66164-56E4-4CBC-8C9A-6A73FB902E51}"
	ProjectSection(SolutionItems) = preProject
		Material\ClassDesign\Business logic\BusinessLogic.txt = Material\ClassDesign\Business logic\BusinessLogic.txt
	EndProjectSection
EndProject
Project("{2150E333-8FDC-42A3-9474-1A3956D46DE8}") = "IOClasses", "IOClasses", "{0386E068-B960-4BB9-8DF5-CA8CB5A52C1D}"
	ProjectSection(SolutionItems) = preProject
		Material\ClassDesign\IOClasses\IOClasses.txt = Material\ClassDesign\IOClasses\IOClasses.txt
	EndProjectSection
EndProject
Project("{2150E333-8FDC-42A3-9474-1A3956D46DE8}") = "ResourceManager", "ResourceManager", "{5C8FC9CC-A028-4187-9FF4-CCFD6C7B43A6}"
	ProjectSection(SolutionItems) = preProject
		Material\ClassDesign\ResourceManager\ResourceManager.txt = Material\ClassDesign\ResourceManager\ResourceManager.txt
	EndProjectSection
EndProject
Project("{2150E333-8FDC-42A3-9474-1A3956D46DE8}") = "FunctionDesign", "FunctionDesign", "{0A88AF68-7D46-4B17-BB27-ACF2C1E4BF24}"
	ProjectSection(SolutionItems) = preProject
		Material\FunctionDesign\FunctionDesign.txt = Material\FunctionDesign\FunctionDesign.txt
	EndProjectSection
EndProject
Global
	GlobalSection(SolutionConfigurationPlatforms) = preSolution
		Debug|x64 = Debug|x64
		Debug|x86 = Debug|x86
		Release|x64 = Release|x64
		Release|x86 = Release|x86
	EndGlobalSection
	GlobalSection(ProjectConfigurationPlatforms) = postSolution
		{CC56A7B6-FF63-40D7-B112-6AFD1E0F4CFF}.Debug|x64.ActiveCfg = Debug|x64
		{CC56A7B6-FF63-40D7-B112-6AFD1E0F4CFF}.Debug|x64.Build.0 = Debug|x64
		{CC56A7B6-FF63-40D7-B112-6AFD1E0F4CFF}.Debug|x86.ActiveCfg = Debug|Win32
		{CC56A7B6-FF63-40D7-B112-6AFD1E0F4CFF}.Debug|x86.Build.0 = Debug|Win32
		{CC56A7B6-FF63-40D7-B112-6AFD1E0F4CFF}.Release|x64.ActiveCfg = Release|x64
		{CC56A7B6-FF63-40D7-B112-6AFD1E0F4CFF}.Release|x64.Build.0 = Release|x64
		{CC56A7B6-FF63-40D7-B112-6AFD1E0F4CFF}.Release|x86.ActiveCfg = Release|Win32
		{CC56A7B6-FF63-40D7-B112-6AFD1E0F4CFF}.Release|x86.Build.0 = Release|Win32
	EndGlobalSection
	GlobalSection(SolutionProperties) = preSolution
		HideSolutionNode = FALSE
	EndGlobalSection
	GlobalSection(NestedProjects) = preSolution
		{8612506C-CD5E-46A8-A4CE-C9402DD6129E} = {A669BB59-2916-43E0-B647-40EC902DCAF9}
		{ED03587A-0EE1-4A55-8FCC-F19ADE19C34C} = {8612506C-CD5E-46A8-A4CE-C9402DD6129E}
		{C0B697AC-9D41-49FF-BE16-F8FEFC3EC57D} = {8612506C-CD5E-46A8-A4CE-C9402DD6129E}
		{0E159484-8852-4A32-95C8-77CFB8350046} = {8612506C-CD5E-46A8-A4CE-C9402DD6129E}
		{37E3942B-B76D-41A2-AEB5-2853EF086A93} = {8612506C-CD5E-46A8-A4CE-C9402DD6129E}
		{526125BD-68CD-4AD8-95C8-73D0C3FFB506} = {8612506C-CD5E-46A8-A4CE-C9402DD6129E}
		{69DDFDD8-5831-4E42-B2F6-788A5AC7194D} = {8612506C-CD5E-46A8-A4CE-C9402DD6129E}
		{75F66164-56E4-4CBC-8C9A-6A73FB902E51} = {8612506C-CD5E-46A8-A4CE-C9402DD6129E}
		{0386E068-B960-4BB9-8DF5-CA8CB5A52C1D} = {8612506C-CD5E-46A8-A4CE-C9402DD6129E}
		{5C8FC9CC-A028-4187-9FF4-CCFD6C7B43A6} = {8612506C-CD5E-46A8-A4CE-C9402DD6129E}
		{0A88AF68-7D46-4B17-BB27-ACF2C1E4BF24} = {A669BB59-2916-43E0-B647-40EC902DCAF9}
	EndGlobalSection
	GlobalSection(ExtensibilityGlobals) = postSolution
		SolutionGuid = {C5852A9E-9846-4095-B042-03FA11F9FD23}
	EndGlobalSection
EndGlobal
