
Microsoft Visual Studio Solution File, Format Version 12.00
# Visual Studio Version 16
VisualStudioVersion = 16.0.32228.343
MinimumVisualStudioVersion = 10.0.40219.1
Project("{8BC9CEB8-8B4A-11D0-8D11-00A0C91BC942}") = "MediocreProgramming", "MediocreProgramming\MediocreProgramming.vcxproj", "{CC56A7B6-FF63-40D7-B112-6AFD1E0F4CFF}"
EndProject
Project("{2150E333-8FDC-42A3-9474-1A3956D46DE8}") = "Solution Items", "Solution Items", "{A669BB59-2916-43E0-B647-40EC902DCAF9}"
	ProjectSection(SolutionItems) = preProject
		overview.txt = overview.txt
	EndProjectSection
EndProject
Global
	GlobalSection(SolutionConfigurationPlatforms) = preSolution
		Debug|x64 = Debug|x64
		Debug|x86 = Debug|x86
		Release|x64 = Release|x64
		Release|x86 = Release|x86
	EndGlobalSection
	GlobalSection(ProjectConfigurationPlatforms) = postSolution
		{CC56A7B6-FF63-40D7-B112-6AFD1E0F4CFF}.Debug|x64.ActiveCfg = Debug|x64
		{CC56A7B6-FF63-40D7-B112-6AFD1E0F4CFF}.Debug|x64.Build.0 = Debug|x64
		{CC56A7B6-FF63-40D7-B112-6AFD1E0F4CFF}.Debug|x86.ActiveCfg = Debug|Win32
		{CC56A7B6-FF63-40D7-B112-6AFD1E0F4CFF}.Debug|x86.Build.0 = Debug|Win32
		{CC56A7B6-FF63-40D7-B112-6AFD1E0F4CFF}.Release|x64.ActiveCfg = Release|x64
		{CC56A7B6-FF63-40D7-B112-6AFD1E0F4CFF}.Release|x64.Build.0 = Release|x64
		{CC56A7B6-FF63-40D7-B112-6AFD1E0F4CFF}.Release|x86.ActiveCfg = Release|Win32
		{CC56A7B6-FF63-40D7-B112-6AFD1E0F4CFF}.Release|x86.Build.0 = Release|Win32
	EndGlobalSection
	GlobalSection(SolutionProperties) = preSolution
		HideSolutionNode = FALSE
	EndGlobalSection
	GlobalSection(ExtensibilityGlobals) = postSolution
		SolutionGuid = {C5852A9E-9846-4095-B042-03FA11F9FD23}
	EndGlobalSection
EndGlobal
